// !$*UTF8*$!
{
	archiveVersion = 1;
	classes = {
	};
	objectVersion = 55;
	objects = {

/* Begin PBXBuildFile section */
		FA5920AB285334BB0036DD35 /* AppDelegate.swift in Sources */ = {isa = PBXBuildFile; fileRef = FA5920AA285334BB0036DD35 /* AppDelegate.swift */; };
		FA5920AD285334BB0036DD35 /* SceneDelegate.swift in Sources */ = {isa = PBXBuildFile; fileRef = FA5920AC285334BB0036DD35 /* SceneDelegate.swift */; };
		FA5920AF285334BB0036DD35 /* ViewController.swift in Sources */ = {isa = PBXBuildFile; fileRef = FA5920AE285334BB0036DD35 /* ViewController.swift */; };
		FA5920B2285334BB0036DD35 /* Main.storyboard in Resources */ = {isa = PBXBuildFile; fileRef = FA5920B0285334BB0036DD35 /* Main.storyboard */; };
		FA5920B4285334C00036DD35 /* Assets.xcassets in Resources */ = {isa = PBXBuildFile; fileRef = FA5920B3285334C00036DD35 /* Assets.xcassets */; };
		FA5920B7285334C00036DD35 /* LaunchScreen.storyboard in Resources */ = {isa = PBXBuildFile; fileRef = FA5920B5285334C00036DD35 /* LaunchScreen.storyboard */; };
		FA5920C528545A6F0036DD35 /* GrayFilterKernel.ci.metal in Sources */ = {isa = PBXBuildFile; fileRef = FA5920C428545A6F0036DD35 /* GrayFilterKernel.ci.metal */; };
		FA5920C728545B250036DD35 /* GrayFilter.swift in Sources */ = {isa = PBXBuildFile; fileRef = FA5920C628545B250036DD35 /* GrayFilter.swift */; };
/* End PBXBuildFile section */

/* Begin PBXBuildRule section */
		FA5920C0285459550036DD35 /* PBXBuildRule */ = {
			isa = PBXBuildRule;
			compilerSpec = com.apple.compilers.proxy.script;
			filePatterns = " *.ci.metal";
			fileType = pattern.proxy;
			inputFiles = (
			);
			isEditable = 1;
			outputFiles = (
				"$(DERIVED_FILE_DIR)/${INPUT_FILE_BASE}.air",
			);
			runOncePerArchitecture = 0;
			script = "xcrun metal -c -fcikernel \"${INPUT_FILE_PATH}\" -o \"${SCRIPT_OUTPUT_FILE_0}\"\n";
		};
		FA5920C2285459E80036DD35 /* PBXBuildRule */ = {
			isa = PBXBuildRule;
			compilerSpec = com.apple.compilers.proxy.script;
			filePatterns = "*.ci.air";
			fileType = pattern.proxy;
			inputFiles = (
			);
			isEditable = 1;
			outputFiles = (
				"$(METAL_LIBRARY_OUTPUT_DIR)/$(INPUT_FILE_BASE).metallib",
			);
			runOncePerArchitecture = 0;
			script = "xcrun metallib -cikernel \"${INPUT_FILE_PATH}\" -o \"${SCRIPT_OUTPUT_FILE_0}\"\n";
		};
		FA5920C8285467890036DD35 /* PBXBuildRule */ = {
			isa = PBXBuildRule;
			compilerSpec = com.apple.compilers.proxy.script;
			fileType = file.rcproject;
			inputFiles = (
			);
			isEditable = 1;
			outputFiles = (
			);
			script = "# rctool\n";
		};
/* End PBXBuildRule section */

/* Begin PBXFileReference section */
		FA5920A7285334BB0036DD35 /* RawCam2.app */ = {isa = PBXFileReference; explicitFileType = wrapper.application; includeInIndex = 0; path = RawCam2.app; sourceTree = BUILT_PRODUCTS_DIR; };
		FA5920AA285334BB0036DD35 /* AppDelegate.swift */ = {isa = PBXFileReference; lastKnownFileType = sourcecode.swift; path = AppDelegate.swift; sourceTree = "<group>"; };
		FA5920AC285334BB0036DD35 /* SceneDelegate.swift */ = {isa = PBXFileReference; lastKnownFileType = sourcecode.swift; path = SceneDelegate.swift; sourceTree = "<group>"; };
		FA5920AE285334BB0036DD35 /* ViewController.swift */ = {isa = PBXFileReference; lastKnownFileType = sourcecode.swift; path = ViewController.swift; sourceTree = "<group>"; };
		FA5920B1285334BB0036DD35 /* Base */ = {isa = PBXFileReference; lastKnownFileType = file.storyboard; name = Base; path = Base.lproj/Main.storyboard; sourceTree = "<group>"; };
		FA5920B3285334C00036DD35 /* Assets.xcassets */ = {isa = PBXFileReference; lastKnownFileType = folder.assetcatalog; path = Assets.xcassets; sourceTree = "<group>"; };
		FA5920B6285334C00036DD35 /* Base */ = {isa = PBXFileReference; lastKnownFileType = file.storyboard; name = Base; path = Base.lproj/LaunchScreen.storyboard; sourceTree = "<group>"; };
		FA5920B8285334C00036DD35 /* Info.plist */ = {isa = PBXFileReference; lastKnownFileType = text.plist.xml; path = Info.plist; sourceTree = "<group>"; };
		FA5920C428545A6F0036DD35 /* GrayFilterKernel.ci.metal */ = {isa = PBXFileReference; lastKnownFileType = sourcecode.metal; path = GrayFilterKernel.ci.metal; sourceTree = "<group>"; };
		FA5920C628545B250036DD35 /* GrayFilter.swift */ = {isa = PBXFileReference; lastKnownFileType = sourcecode.swift; path = GrayFilter.swift; sourceTree = "<group>"; };
/* End PBXFileReference section */

/* Begin PBXFrameworksBuildPhase section */
		FA5920A4285334BB0036DD35 /* Frameworks */ = {
			isa = PBXFrameworksBuildPhase;
			buildActionMask = 2147483647;
			files = (
			);
			runOnlyForDeploymentPostprocessing = 0;
		};
/* End PBXFrameworksBuildPhase section */

/* Begin PBXGroup section */
		FA4912BC28585FD200EC8291 /* CameraComponent */ = {
			isa = PBXGroup;
			children = (
			);
			path = CameraComponent;
			sourceTree = "<group>";
		};
		FA59209E285334BB0036DD35 = {
			isa = PBXGroup;
			children = (
				FA5920A9285334BB0036DD35 /* RawCam2 */,
				FA5920A8285334BB0036DD35 /* Products */,
			);
			sourceTree = "<group>";
		};
		FA5920A8285334BB0036DD35 /* Products */ = {
			isa = PBXGroup;
			children = (
				FA5920A7285334BB0036DD35 /* RawCam2.app */,
			);
			name = Products;
			sourceTree = "<group>";
		};
		FA5920A9285334BB0036DD35 /* RawCam2 */ = {
			isa = PBXGroup;
			children = (
				FA4912BC28585FD200EC8291 /* CameraComponent */,
				FA5920C328545A2E0036DD35 /* Filters */,
				FA5920AA285334BB0036DD35 /* AppDelegate.swift */,
				FA5920AC285334BB0036DD35 /* SceneDelegate.swift */,
				FA5920AE285334BB0036DD35 /* ViewController.swift */,
				FA5920B0285334BB0036DD35 /* Main.storyboard */,
				FA5920B3285334C00036DD35 /* Assets.xcassets */,
				FA5920B5285334C00036DD35 /* LaunchScreen.storyboard */,
				FA5920B8285334C00036DD35 /* Info.plist */,
			);
			path = RawCam2;
			sourceTree = "<group>";
		};
		FA5920C328545A2E0036DD35 /* Filters */ = {
			isa = PBXGroup;
			children = (
				FA5920C428545A6F0036DD35 /* GrayFilterKernel.ci.metal */,
				FA5920C628545B250036DD35 /* GrayFilter.swift */,
			);
			path = Filters;
			sourceTree = "<group>";
		};
/* End PBXGroup section */

/* Begin PBXNativeTarget section */
		FA5920A6285334BB0036DD35 /* RawCam2 */ = {
			isa = PBXNativeTarget;
			buildConfigurationList = FA5920BB285334C00036DD35 /* Build configuration list for PBXNativeTarget "RawCam2" */;
			buildPhases = (
				FA5920A3285334BB0036DD35 /* Sources */,
				FA5920A4285334BB0036DD35 /* Frameworks */,
				FA5920A5285334BB0036DD35 /* Resources */,
			);
			buildRules = (
				FA5920C8285467890036DD35 /* PBXBuildRule */,
				FA5920C2285459E80036DD35 /* PBXBuildRule */,
				FA5920C0285459550036DD35 /* PBXBuildRule */,
			);
			dependencies = (
			);
			name = RawCam2;
			productName = RawCam2;
			productReference = FA5920A7285334BB0036DD35 /* RawCam2.app */;
			productType = "com.apple.product-type.application";
		};
/* End PBXNativeTarget section */

/* Begin PBXProject section */
		FA59209F285334BB0036DD35 /* Project object */ = {
			isa = PBXProject;
			attributes = {
				BuildIndependentTargetsInParallel = 1;
				LastSwiftUpdateCheck = 1330;
				LastUpgradeCheck = 1330;
				TargetAttributes = {
					FA5920A6285334BB0036DD35 = {
						CreatedOnToolsVersion = 13.3;
					};
				};
			};
			buildConfigurationList = FA5920A2285334BB0036DD35 /* Build configuration list for PBXProject "RawCam2" */;
			compatibilityVersion = "Xcode 13.0";
			developmentRegion = en;
			hasScannedForEncodings = 0;
			knownRegions = (
				en,
				Base,
			);
			mainGroup = FA59209E285334BB0036DD35;
			productRefGroup = FA5920A8285334BB0036DD35 /* Products */;
			projectDirPath = "";
			projectRoot = "";
			targets = (
				FA5920A6285334BB0036DD35 /* RawCam2 */,
			);
		};
/* End PBXProject section */

/* Begin PBXResourcesBuildPhase section */
		FA5920A5285334BB0036DD35 /* Resources */ = {
			isa = PBXResourcesBuildPhase;
			buildActionMask = 2147483647;
			files = (
				FA5920B7285334C00036DD35 /* LaunchScreen.storyboard in Resources */,
				FA5920B4285334C00036DD35 /* Assets.xcassets in Resources */,
				FA5920B2285334BB0036DD35 /* Main.storyboard in Resources */,
			);
			runOnlyForDeploymentPostprocessing = 0;
		};
/* End PBXResourcesBuildPhase section */

/* Begin PBXSourcesBuildPhase section */
		FA5920A3285334BB0036DD35 /* Sources */ = {
			isa = PBXSourcesBuildPhase;
			buildActionMask = 2147483647;
			files = (
				FA5920AF285334BB0036DD35 /* ViewController.swift in Sources */,
				FA5920AB285334BB0036DD35 /* AppDelegate.swift in Sources */,
				FA5920C528545A6F0036DD35 /* GrayFilterKernel.ci.metal in Sources */,
				FA5920AD285334BB0036DD35 /* SceneDelegate.swift in Sources */,
				FA5920C728545B250036DD35 /* GrayFilter.swift in Sources */,
			);
			runOnlyForDeploymentPostprocessing = 0;
		};
/* End PBXSourcesBuildPhase section */

/* Begin PBXVariantGroup section */
		FA5920B0285334BB0036DD35 /* Main.storyboard */ = {
			isa = PBXVariantGroup;
			children = (
				FA5920B1285334BB0036DD35 /* Base */,
			);
			name = Main.storyboard;
			sourceTree = "<group>";
		};
		FA5920B5285334C00036DD35 /* LaunchScreen.storyboard */ = {
			isa = PBXVariantGroup;
			children = (
				FA5920B6285334C00036DD35 /* Base */,
			);
			name = LaunchScreen.storyboard;
			sourceTree = "<group>";
		};
/* End PBXVariantGroup section */

/* Begin XCBuildConfiguration section */
		FA5920B9285334C00036DD35 /* Debug */ = {
			isa = XCBuildConfiguration;
			buildSettings = {
				ALWAYS_SEARCH_USER_PATHS = NO;
				CLANG_ANALYZER_NONNULL = YES;
				CLANG_ANALYZER_NUMBER_OBJECT_CONVERSION = YES_AGGRESSIVE;
				CLANG_CXX_LANGUAGE_STANDARD = "gnu++17";
				CLANG_ENABLE_MODULES = YES;
				CLANG_ENABLE_OBJC_ARC = YES;
				CLANG_ENABLE_OBJC_WEAK = YES;
				CLANG_WARN_BLOCK_CAPTURE_AUTORELEASING = YES;
				CLANG_WARN_BOOL_CONVERSION = YES;
				CLANG_WARN_COMMA = YES;
				CLANG_WARN_CONSTANT_CONVERSION = YES;
				CLANG_WARN_DEPRECATED_OBJC_IMPLEMENTATIONS = YES;
				CLANG_WARN_DIRECT_OBJC_ISA_USAGE = YES_ERROR;
				CLANG_WARN_DOCUMENTATION_COMMENTS = YES;
				CLANG_WARN_EMPTY_BODY = YES;
				CLANG_WARN_ENUM_CONVERSION = YES;
				CLANG_WARN_INFINITE_RECURSION = YES;
				CLANG_WARN_INT_CONVERSION = YES;
				CLANG_WARN_NON_LITERAL_NULL_CONVERSION = YES;
				CLANG_WARN_OBJC_IMPLICIT_RETAIN_SELF = YES;
				CLANG_WARN_OBJC_LITERAL_CONVERSION = YES;
				CLANG_WARN_OBJC_ROOT_CLASS = YES_ERROR;
				CLANG_WARN_QUOTED_INCLUDE_IN_FRAMEWORK_HEADER = YES;
				CLANG_WARN_RANGE_LOOP_ANALYSIS = YES;
				CLANG_WARN_STRICT_PROTOTYPES = YES;
				CLANG_WARN_SUSPICIOUS_MOVE = YES;
				CLANG_WARN_UNGUARDED_AVAILABILITY = YES_AGGRESSIVE;
				CLANG_WARN_UNREACHABLE_CODE = YES;
				CLANG_WARN__DUPLICATE_METHOD_MATCH = YES;
				COPY_PHASE_STRIP = NO;
				DEBUG_INFORMATION_FORMAT = dwarf;
				ENABLE_STRICT_OBJC_MSGSEND = YES;
				ENABLE_TESTABILITY = YES;
				GCC_C_LANGUAGE_STANDARD = gnu11;
				GCC_DYNAMIC_NO_PIC = NO;
				GCC_NO_COMMON_BLOCKS = YES;
				GCC_OPTIMIZATION_LEVEL = 0;
				GCC_PREPROCESSOR_DEFINITIONS = (
					"DEBUG=1",
					"$(inherited)",
				);
				GCC_WARN_64_TO_32_BIT_CONVERSION = YES;
				GCC_WARN_ABOUT_RETURN_TYPE = YES_ERROR;
				GCC_WARN_UNDECLARED_SELECTOR = YES;
				GCC_WARN_UNINITIALIZED_AUTOS = YES_AGGRESSIVE;
				GCC_WARN_UNUSED_FUNCTION = YES;
				GCC_WARN_UNUSED_VARIABLE = YES;
				IPHONEOS_DEPLOYMENT_TARGET = 15.4;
				MTL_ENABLE_DEBUG_INFO = INCLUDE_SOURCE;
				MTL_FAST_MATH = YES;
				ONLY_ACTIVE_ARCH = YES;
				SDKROOT = iphoneos;
				SWIFT_ACTIVE_COMPILATION_CONDITIONS = DEBUG;
				SWIFT_OPTIMIZATION_LEVEL = "-Onone";
			};
			name = Debug;
		};
		FA5920BA285334C00036DD35 /* Release */ = {
			isa = XCBuildConfiguration;
			buildSettings = {
				ALWAYS_SEARCH_USER_PATHS = NO;
				CLANG_ANALYZER_NONNULL = YES;
				CLANG_ANALYZER_NUMBER_OBJECT_CONVERSION = YES_AGGRESSIVE;
				CLANG_CXX_LANGUAGE_STANDARD = "gnu++17";
				CLANG_ENABLE_MODULES = YES;
				CLANG_ENABLE_OBJC_ARC = YES;
				CLANG_ENABLE_OBJC_WEAK = YES;
				CLANG_WARN_BLOCK_CAPTURE_AUTORELEASING = YES;
				CLANG_WARN_BOOL_CONVERSION = YES;
				CLANG_WARN_COMMA = YES;
				CLANG_WARN_CONSTANT_CONVERSION = YES;
				CLANG_WARN_DEPRECATED_OBJC_IMPLEMENTATIONS = YES;
				CLANG_WARN_DIRECT_OBJC_ISA_USAGE = YES_ERROR;
				CLANG_WARN_DOCUMENTATION_COMMENTS = YES;
				CLANG_WARN_EMPTY_BODY = YES;
				CLANG_WARN_ENUM_CONVERSION = YES;
				CLANG_WARN_INFINITE_RECURSION = YES;
				CLANG_WARN_INT_CONVERSION = YES;
				CLANG_WARN_NON_LITERAL_NULL_CONVERSION = YES;
				CLANG_WARN_OBJC_IMPLICIT_RETAIN_SELF = YES;
				CLANG_WARN_OBJC_LITERAL_CONVERSION = YES;
				CLANG_WARN_OBJC_ROOT_CLASS = YES_ERROR;
				CLANG_WARN_QUOTED_INCLUDE_IN_FRAMEWORK_HEADER = YES;
				CLANG_WARN_RANGE_LOOP_ANALYSIS = YES;
				CLANG_WARN_STRICT_PROTOTYPES = YES;
				CLANG_WARN_SUSPICIOUS_MOVE = YES;
				CLANG_WARN_UNGUARDED_AVAILABILITY = YES_AGGRESSIVE;
				CLANG_WARN_UNREACHABLE_CODE = YES;
				CLANG_WARN__DUPLICATE_METHOD_MATCH = YES;
				COPY_PHASE_STRIP = NO;
				DEBUG_INFORMATION_FORMAT = "dwarf-with-dsym";
				ENABLE_NS_ASSERTIONS = NO;
				ENABLE_STRICT_OBJC_MSGSEND = YES;
				GCC_C_LANGUAGE_STANDARD = gnu11;
				GCC_NO_COMMON_BLOCKS = YES;
				GCC_WARN_64_TO_32_BIT_CONVERSION = YES;
				GCC_WARN_ABOUT_RETURN_TYPE = YES_ERROR;
				GCC_WARN_UNDECLARED_SELECTOR = YES;
				GCC_WARN_UNINITIALIZED_AUTOS = YES_AGGRESSIVE;
				GCC_WARN_UNUSED_FUNCTION = YES;
				GCC_WARN_UNUSED_VARIABLE = YES;
				IPHONEOS_DEPLOYMENT_TARGET = 15.4;
				MTL_ENABLE_DEBUG_INFO = NO;
				MTL_FAST_MATH = YES;
				SDKROOT = iphoneos;
				SWIFT_COMPILATION_MODE = wholemodule;
				SWIFT_OPTIMIZATION_LEVEL = "-O";
				VALIDATE_PRODUCT = YES;
			};
			name = Release;
		};
		FA5920BC285334C00036DD35 /* Debug */ = {
			isa = XCBuildConfiguration;
			buildSettings = {
				ASSETCATALOG_COMPILER_APPICON_NAME = AppIcon;
				ASSETCATALOG_COMPILER_GLOBAL_ACCENT_COLOR_NAME = AccentColor;
				CODE_SIGN_STYLE = Automatic;
				CURRENT_PROJECT_VERSION = 1;
				DEVELOPMENT_TEAM = CS5WPZ3L8J;
				GENERATE_INFOPLIST_FILE = YES;
				INFOPLIST_FILE = RawCam2/Info.plist;
				INFOPLIST_KEY_LSApplicationCategoryType = "";
				INFOPLIST_KEY_NSCameraUsageDescription = "to get cmarea view";
				INFOPLIST_KEY_UIApplicationSupportsIndirectInputEvents = YES;
				INFOPLIST_KEY_UILaunchStoryboardName = LaunchScreen;
				INFOPLIST_KEY_UIMainStoryboardFile = Main;
				INFOPLIST_KEY_UISupportedInterfaceOrientations_iPad = "UIInterfaceOrientationPortrait UIInterfaceOrientationPortraitUpsideDown UIInterfaceOrientationLandscapeLeft UIInterfaceOrientationLandscapeRight";
				INFOPLIST_KEY_UISupportedInterfaceOrientations_iPhone = "UIInterfaceOrientationPortrait UIInterfaceOrientationLandscapeLeft UIInterfaceOrientationLandscapeRight";
				IPHONEOS_DEPLOYMENT_TARGET = 14.0;
				LD_RUNPATH_SEARCH_PATHS = (
					"$(inherited)",
					"@executable_path/Frameworks",
				);
				MARKETING_VERSION = 1.0;
				MTLLINKER_FLAGS = "";
				MTL_COMPILER_FLAGS = "";
				PRODUCT_BUNDLE_IDENTIFIER = shashimal.RawCam2;
				PRODUCT_NAME = "$(TARGET_NAME)";
				SWIFT_EMIT_LOC_STRINGS = YES;
				SWIFT_VERSION = 5.0;
				TARGETED_DEVICE_FAMILY = "1,2";
			};
			name = Debug;
		};
		FA5920BD285334C00036DD35 /* Release */ = {
			isa = XCBuildConfiguration;
			buildSettings = {
				ASSETCATALOG_COMPILER_APPICON_NAME = AppIcon;
				ASSETCATALOG_COMPILER_GLOBAL_ACCENT_COLOR_NAME = AccentColor;
				CODE_SIGN_STYLE = Automatic;
				CURRENT_PROJECT_VERSION = 1;
				DEVELOPMENT_TEAM = CS5WPZ3L8J;
				GENERATE_INFOPLIST_FILE = YES;
				INFOPLIST_FILE = RawCam2/Info.plist;
				INFOPLIST_KEY_LSApplicationCategoryType = "";
				INFOPLIST_KEY_NSCameraUsageDescription = "to get cmarea view";
				INFOPLIST_KEY_UIApplicationSupportsIndirectInputEvents = YES;
				INFOPLIST_KEY_UILaunchStoryboardName = LaunchScreen;
				INFOPLIST_KEY_UIMainStoryboardFile = Main;
				INFOPLIST_KEY_UISupportedInterfaceOrientations_iPad = "UIInterfaceOrientationPortrait UIInterfaceOrientationPortraitUpsideDown UIInterfaceOrientationLandscapeLeft UIInterfaceOrientationLandscapeRight";
				INFOPLIST_KEY_UISupportedInterfaceOrientations_iPhone = "UIInterfaceOrientationPortrait UIInterfaceOrientationLandscapeLeft UIInterfaceOrientationLandscapeRight";
				IPHONEOS_DEPLOYMENT_TARGET = 14.0;
				LD_RUNPATH_SEARCH_PATHS = (
					"$(inherited)",
					"@executable_path/Frameworks",
				);
				MARKETING_VERSION = 1.0;
				MTL_COMPILER_FLAGS = "";
				PRODUCT_BUNDLE_IDENTIFIER = shashimal.RawCam2;
				PRODUCT_NAME = "$(TARGET_NAME)";
				SWIFT_EMIT_LOC_STRINGS = YES;
				SWIFT_VERSION = 5.0;
				TARGETED_DEVICE_FAMILY = "1,2";
			};
			name = Release;
		};
/* End XCBuildConfiguration section */

/* Begin XCConfigurationList section */
		FA5920A2285334BB0036DD35 /* Build configuration list for PBXProject "RawCam2" */ = {
			isa = XCConfigurationList;
			buildConfigurations = (
				FA5920B9285334C00036DD35 /* Debug */,
				FA5920BA285334C00036DD35 /* Release */,
			);
			defaultConfigurationIsVisible = 0;
			defaultConfigurationName = Release;
		};
		FA5920BB285334C00036DD35 /* Build configuration list for PBXNativeTarget "RawCam2" */ = {
			isa = XCConfigurationList;
			buildConfigurations = (
				FA5920BC285334C00036DD35 /* Debug */,
				FA5920BD285334C00036DD35 /* Release */,
			);
			defaultConfigurationIsVisible = 0;
			defaultConfigurationName = Release;
		};
/* End XCConfigurationList section */
	};
	rootObject = FA59209F285334BB0036DD35 /* Project object */;
}
